// !$*UTF8*$!
{
	archiveVersion = 1;
	classes = {
	};
	objectVersion = 50;
	objects = {

/* Begin PBXBuildFile section */
		3AB81D36EB6192F8AB3CF8CE /* Pods_OTestProject.framework in Frameworks */ = {isa = PBXBuildFile; fileRef = 2F1F6EA1EC220F6AEA804AC0 /* Pods_OTestProject.framework */; };
		7914858C21469E7000CC691D /* AppDelegate.swift in Sources */ = {isa = PBXBuildFile; fileRef = 7914858B21469E7000CC691D /* AppDelegate.swift */; };
		7914858E21469E7000CC691D /* ViewController.swift in Sources */ = {isa = PBXBuildFile; fileRef = 7914858D21469E7000CC691D /* ViewController.swift */; };
		7914859121469E7000CC691D /* Main.storyboard in Resources */ = {isa = PBXBuildFile; fileRef = 7914858F21469E7000CC691D /* Main.storyboard */; };
		7914859321469E7100CC691D /* Assets.xcassets in Resources */ = {isa = PBXBuildFile; fileRef = 7914859221469E7100CC691D /* Assets.xcassets */; };
		7914859621469E7100CC691D /* LaunchScreen.storyboard in Resources */ = {isa = PBXBuildFile; fileRef = 7914859421469E7100CC691D /* LaunchScreen.storyboard */; };
/* End PBXBuildFile section */

/* Begin PBXFileReference section */
		2F1F6EA1EC220F6AEA804AC0 /* Pods_OTestProject.framework */ = {isa = PBXFileReference; explicitFileType = wrapper.framework; includeInIndex = 0; path = Pods_OTestProject.framework; sourceTree = BUILT_PRODUCTS_DIR; };
		7914858821469E7000CC691D /* OTestProject.app */ = {isa = PBXFileReference; explicitFileType = wrapper.application; includeInIndex = 0; path = OTestProject.app; sourceTree = BUILT_PRODUCTS_DIR; };
		7914858B21469E7000CC691D /* AppDelegate.swift */ = {isa = PBXFileReference; lastKnownFileType = sourcecode.swift; path = AppDelegate.swift; sourceTree = "<group>"; };
		7914858D21469E7000CC691D /* ViewController.swift */ = {isa = PBXFileReference; lastKnownFileType = sourcecode.swift; path = ViewController.swift; sourceTree = "<group>"; };
		7914859021469E7000CC691D /* Base */ = {isa = PBXFileReference; lastKnownFileType = file.storyboard; name = Base; path = Base.lproj/Main.storyboard; sourceTree = "<group>"; };
		7914859221469E7100CC691D /* Assets.xcassets */ = {isa = PBXFileReference; lastKnownFileType = folder.assetcatalog; path = Assets.xcassets; sourceTree = "<group>"; };
		7914859521469E7100CC691D /* Base */ = {isa = PBXFileReference; lastKnownFileType = file.storyboard; name = Base; path = Base.lproj/LaunchScreen.storyboard; sourceTree = "<group>"; };
		7914859721469E7100CC691D /* Info.plist */ = {isa = PBXFileReference; lastKnownFileType = text.plist.xml; path = Info.plist; sourceTree = "<group>"; };
		844DDF6F18C124B747B043FD /* Pods-OTestProject.debug.xcconfig */ = {isa = PBXFileReference; includeInIndex = 1; lastKnownFileType = text.xcconfig; name = "Pods-OTestProject.debug.xcconfig"; path = "Pods/Target Support Files/Pods-OTestProject/Pods-OTestProject.debug.xcconfig"; sourceTree = "<group>"; };
		F53711C87B24AEDE24A2442F /* Pods-OTestProject.release.xcconfig */ = {isa = PBXFileReference; includeInIndex = 1; lastKnownFileType = text.xcconfig; name = "Pods-OTestProject.release.xcconfig"; path = "Pods/Target Support Files/Pods-OTestProject/Pods-OTestProject.release.xcconfig"; sourceTree = "<group>"; };
/* End PBXFileReference section */

/* Begin PBXFrameworksBuildPhase section */
		7914858521469E7000CC691D /* Frameworks */ = {
			isa = PBXFrameworksBuildPhase;
			buildActionMask = 2147483647;
			files = (
				3AB81D36EB6192F8AB3CF8CE /* Pods_OTestProject.framework in Frameworks */,
			);
			runOnlyForDeploymentPostprocessing = 0;
		};
/* End PBXFrameworksBuildPhase section */

/* Begin PBXGroup section */
		7914857F21469E7000CC691D = {
			isa = PBXGroup;
			children = (
				7914858A21469E7000CC691D /* OTestProject */,
				7914858921469E7000CC691D /* Products */,
				8DBE1505F10BDD350C1253AE /* Pods */,
				7E0220689E6C1598502CC11D /* Frameworks */,
			);
			sourceTree = "<group>";
		};
		7914858921469E7000CC691D /* Products */ = {
			isa = PBXGroup;
			children = (
				7914858821469E7000CC691D /* OTestProject.app */,
			);
			name = Products;
			sourceTree = "<group>";
		};
		7914858A21469E7000CC691D /* OTestProject */ = {
			isa = PBXGroup;
			children = (
				7914858B21469E7000CC691D /* AppDelegate.swift */,
				7914858D21469E7000CC691D /* ViewController.swift */,
				7914858F21469E7000CC691D /* Main.storyboard */,
				7914859221469E7100CC691D /* Assets.xcassets */,
				7914859421469E7100CC691D /* LaunchScreen.storyboard */,
				7914859721469E7100CC691D /* Info.plist */,
			);
			path = OTestProject;
			sourceTree = "<group>";
		};
		7E0220689E6C1598502CC11D /* Frameworks */ = {
			isa = PBXGroup;
			children = (
				2F1F6EA1EC220F6AEA804AC0 /* Pods_OTestProject.framework */,
			);
			name = Frameworks;
			sourceTree = "<group>";
		};
		8DBE1505F10BDD350C1253AE /* Pods */ = {
			isa = PBXGroup;
			children = (
				844DDF6F18C124B747B043FD /* Pods-OTestProject.debug.xcconfig */,
				F53711C87B24AEDE24A2442F /* Pods-OTestProject.release.xcconfig */,
			);
			name = Pods;
			sourceTree = "<group>";
		};
/* End PBXGroup section */

/* Begin PBXNativeTarget section */
		7914858721469E7000CC691D /* OTestProject */ = {
			isa = PBXNativeTarget;
			buildConfigurationList = 7914859A21469E7100CC691D /* Build configuration list for PBXNativeTarget "OTestProject" */;
			buildPhases = (
				59FF0FD1F06F2891C29ED624 /* [CP] Check Pods Manifest.lock */,
				7914858421469E7000CC691D /* Sources */,
				7914858521469E7000CC691D /* Frameworks */,
				7914858621469E7000CC691D /* Resources */,
			);
			buildRules = (
			);
			dependencies = (
			);
			name = OTestProject;
			productName = OTestProject;
			productReference = 7914858821469E7000CC691D /* OTestProject.app */;
			productType = "com.apple.product-type.application";
		};
/* End PBXNativeTarget section */

/* Begin PBXProject section */
		7914858021469E7000CC691D /* Project object */ = {
			isa = PBXProject;
			attributes = {
				LastSwiftUpdateCheck = 0940;
				LastUpgradeCheck = 0940;
				ORGANIZATIONNAME = Marat;
				TargetAttributes = {
					7914858721469E7000CC691D = {
						CreatedOnToolsVersion = 9.4.1;
					};
				};
			};
			buildConfigurationList = 7914858321469E7000CC691D /* Build configuration list for PBXProject "OTestProject" */;
			compatibilityVersion = "Xcode 9.3";
			developmentRegion = en;
			hasScannedForEncodings = 0;
			knownRegions = (
				en,
				Base,
			);
			mainGroup = 7914857F21469E7000CC691D;
			productRefGroup = 7914858921469E7000CC691D /* Products */;
			projectDirPath = "";
			projectRoot = "";
			targets = (
				7914858721469E7000CC691D /* OTestProject */,
			);
		};
/* End PBXProject section */

/* Begin PBXResourcesBuildPhase section */
		7914858621469E7000CC691D /* Resources */ = {
			isa = PBXResourcesBuildPhase;
			buildActionMask = 2147483647;
			files = (
				7914859621469E7100CC691D /* LaunchScreen.storyboard in Resources */,
				7914859321469E7100CC691D /* Assets.xcassets in Resources */,
				7914859121469E7000CC691D /* Main.storyboard in Resources */,
			);
			runOnlyForDeploymentPostprocessing = 0;
		};
/* End PBXResourcesBuildPhase section */

/* Begin PBXShellScriptBuildPhase section */
		59FF0FD1F06F2891C29ED624 /* [CP] Check Pods Manifest.lock */ = {
			isa = PBXShellScriptBuildPhase;
			buildActionMask = 2147483647;
			files = (
			);
			inputPaths = (
				"${PODS_PODFILE_DIR_PATH}/Podfile.lock",
				"${PODS_ROOT}/Manifest.lock",
			);
			name = "[CP] Check Pods Manifest.lock";
			outputPaths = (
				"$(DERIVED_FILE_DIR)/Pods-OTestProject-checkManifestLockResult.txt",
			);
			runOnlyForDeploymentPostprocessing = 0;
			shellPath = /bin/sh;
			shellScript = "diff \"${PODS_PODFILE_DIR_PATH}/Podfile.lock\" \"${PODS_ROOT}/Manifest.lock\" > /dev/null\nif [ $? != 0 ] ; then\n    # print error to STDERR\n    echo \"error: The sandbox is not in sync with the Podfile.lock. Run 'pod install' or update your CocoaPods installation.\" >&2\n    exit 1\nfi\n# This output is used by Xcode 'outputs' to avoid re-running this script phase.\necho \"SUCCESS\" > \"${SCRIPT_OUTPUT_FILE_0}\"\n";
			showEnvVarsInLog = 0;
		};
/* End PBXShellScriptBuildPhase section */

/* Begin PBXSourcesBuildPhase section */
		7914858421469E7000CC691D /* Sources */ = {
			isa = PBXSourcesBuildPhase;
			buildActionMask = 2147483647;
			files = (
				7914858E21469E7000CC691D /* ViewController.swift in Sources */,
				7914858C21469E7000CC691D /* AppDelegate.swift in Sources */,
			);
			runOnlyForDeploymentPostprocessing = 0;
		};
/* End PBXSourcesBuildPhase section */

/* Begin PBXVariantGroup section */
		7914858F21469E7000CC691D /* Main.storyboard */ = {
			isa = PBXVariantGroup;
			children = (
				7914859021469E7000CC691D /* Base */,
			);
			name = Main.storyboard;
			sourceTree = "<group>";
		};
		7914859421469E7100CC691D /* LaunchScreen.storyboard */ = {
			isa = PBXVariantGroup;
			children = (
				7914859521469E7100CC691D /* Base */,
			);
			name = LaunchScreen.storyboard;
			sourceTree = "<group>";
		};
/* End PBXVariantGroup section */

/* Begin XCBuildConfiguration section */
		7914859821469E7100CC691D /* Debug */ = {
			isa = XCBuildConfiguration;
			buildSettings = {
				ALWAYS_SEARCH_USER_PATHS = NO;
				CLANG_ANALYZER_NONNULL = YES;
				CLANG_ANALYZER_NUMBER_OBJECT_CONVERSION = YES_AGGRESSIVE;
				CLANG_CXX_LANGUAGE_STANDARD = "gnu++14";
				CLANG_CXX_LIBRARY = "libc++";
				CLANG_ENABLE_MODULES = YES;
				CLANG_ENABLE_OBJC_ARC = YES;
				CLANG_ENABLE_OBJC_WEAK = YES;
				CLANG_WARN_BLOCK_CAPTURE_AUTORELEASING = YES;
				CLANG_WARN_BOOL_CONVERSION = YES;
				CLANG_WARN_COMMA = YES;
				CLANG_WARN_CONSTANT_CONVERSION = YES;
				CLANG_WARN_DEPRECATED_OBJC_IMPLEMENTATIONS = YES;
				CLANG_WARN_DIRECT_OBJC_ISA_USAGE = YES_ERROR;
				CLANG_WARN_DOCUMENTATION_COMMENTS = YES;
				CLANG_WARN_EMPTY_BODY = YES;
				CLANG_WARN_ENUM_CONVERSION = YES;
				CLANG_WARN_INFINITE_RECURSION = YES;
				CLANG_WARN_INT_CONVERSION = YES;
				CLANG_WARN_NON_LITERAL_NULL_CONVERSION = YES;
				CLANG_WARN_OBJC_IMPLICIT_RETAIN_SELF = YES;
				CLANG_WARN_OBJC_LITERAL_CONVERSION = YES;
				CLANG_WARN_OBJC_ROOT_CLASS = YES_ERROR;
				CLANG_WARN_RANGE_LOOP_ANALYSIS = YES;
				CLANG_WARN_STRICT_PROTOTYPES = YES;
				CLANG_WARN_SUSPICIOUS_MOVE = YES;
				CLANG_WARN_UNGUARDED_AVAILABILITY = YES_AGGRESSIVE;
				CLANG_WARN_UNREACHABLE_CODE = YES;
				CLANG_WARN__DUPLICATE_METHOD_MATCH = YES;
				CODE_SIGN_IDENTITY = "iPhone Developer";
				COPY_PHASE_STRIP = NO;
				DEBUG_INFORMATION_FORMAT = dwarf;
				ENABLE_STRICT_OBJC_MSGSEND = YES;
				ENABLE_TESTABILITY = YES;
				GCC_C_LANGUAGE_STANDARD = gnu11;
				GCC_DYNAMIC_NO_PIC = NO;
				GCC_NO_COMMON_BLOCKS = YES;
				GCC_OPTIMIZATION_LEVEL = 0;
				GCC_PREPROCESSOR_DEFINITIONS = (
					"DEBUG=1",
					"$(inherited)",
				);
				GCC_WARN_64_TO_32_BIT_CONVERSION = YES;
				GCC_WARN_ABOUT_RETURN_TYPE = YES_ERROR;
				GCC_WARN_UNDECLARED_SELECTOR = YES;
				GCC_WARN_UNINITIALIZED_AUTOS = YES_AGGRESSIVE;
				GCC_WARN_UNUSED_FUNCTION = YES;
				GCC_WARN_UNUSED_VARIABLE = YES;
				IPHONEOS_DEPLOYMENT_TARGET = 11.4;
				MTL_ENABLE_DEBUG_INFO = YES;
				ONLY_ACTIVE_ARCH = YES;
				SDKROOT = iphoneos;
				SWIFT_ACTIVE_COMPILATION_CONDITIONS = DEBUG;
				SWIFT_OPTIMIZATION_LEVEL = "-Onone";
			};
			name = Debug;
		};
		7914859921469E7100CC691D /* Release */ = {
			isa = XCBuildConfiguration;
			buildSettings = {
				ALWAYS_SEARCH_USER_PATHS = NO;
				CLANG_ANALYZER_NONNULL = YES;
				CLANG_ANALYZER_NUMBER_OBJECT_CONVERSION = YES_AGGRESSIVE;
				CLANG_CXX_LANGUAGE_STANDARD = "gnu++14";
				CLANG_CXX_LIBRARY = "libc++";
				CLANG_ENABLE_MODULES = YES;
				CLANG_ENABLE_OBJC_ARC = YES;
				CLANG_ENABLE_OBJC_WEAK = YES;
				CLANG_WARN_BLOCK_CAPTURE_AUTORELEASING = YES;
				CLANG_WARN_BOOL_CONVERSION = YES;
				CLANG_WARN_COMMA = YES;
				CLANG_WARN_CONSTANT_CONVERSION = YES;
				CLANG_WARN_DEPRECATED_OBJC_IMPLEMENTATIONS = YES;
				CLANG_WARN_DIRECT_OBJC_ISA_USAGE = YES_ERROR;
				CLANG_WARN_DOCUMENTATION_COMMENTS = YES;
				CLANG_WARN_EMPTY_BODY = YES;
				CLANG_WARN_ENUM_CONVERSION = YES;
				CLANG_WARN_INFINITE_RECURSION = YES;
				CLANG_WARN_INT_CONVERSION = YES;
				CLANG_WARN_NON_LITERAL_NULL_CONVERSION = YES;
				CLANG_WARN_OBJC_IMPLICIT_RETAIN_SELF = YES;
				CLANG_WARN_OBJC_LITERAL_CONVERSION = YES;
				CLANG_WARN_OBJC_ROOT_CLASS = YES_ERROR;
				CLANG_WARN_RANGE_LOOP_ANALYSIS = YES;
				CLANG_WARN_STRICT_PROTOTYPES = YES;
				CLANG_WARN_SUSPICIOUS_MOVE = YES;
				CLANG_WARN_UNGUARDED_AVAILABILITY = YES_AGGRESSIVE;
				CLANG_WARN_UNREACHABLE_CODE = YES;
				CLANG_WARN__DUPLICATE_METHOD_MATCH = YES;
				CODE_SIGN_IDENTITY = "iPhone Developer";
				COPY_PHASE_STRIP = NO;
				DEBUG_INFORMATION_FORMAT = "dwarf-with-dsym";
				ENABLE_NS_ASSERTIONS = NO;
				ENABLE_STRICT_OBJC_MSGSEND = YES;
				GCC_C_LANGUAGE_STANDARD = gnu11;
				GCC_NO_COMMON_BLOCKS = YES;
				GCC_WARN_64_TO_32_BIT_CONVERSION = YES;
				GCC_WARN_ABOUT_RETURN_TYPE = YES_ERROR;
				GCC_WARN_UNDECLARED_SELECTOR = YES;
				GCC_WARN_UNINITIALIZED_AUTOS = YES_AGGRESSIVE;
				GCC_WARN_UNUSED_FUNCTION = YES;
				GCC_WARN_UNUSED_VARIABLE = YES;
				IPHONEOS_DEPLOYMENT_TARGET = 11.4;
				MTL_ENABLE_DEBUG_INFO = NO;
				SDKROOT = iphoneos;
				SWIFT_COMPILATION_MODE = wholemodule;
				SWIFT_OPTIMIZATION_LEVEL = "-O";
				VALIDATE_PRODUCT = YES;
			};
			name = Release;
		};
		7914859B21469E7100CC691D /* Debug */ = {
			isa = XCBuildConfiguration;
			baseConfigurationReference = 844DDF6F18C124B747B043FD /* Pods-OTestProject.debug.xcconfig */;
			buildSettings = {
				ASSETCATALOG_COMPILER_APPICON_NAME = AppIcon;
				CODE_SIGN_STYLE = Automatic;
				INFOPLIST_FILE = OTestProject/Info.plist;
				LD_RUNPATH_SEARCH_PATHS = (
					"$(inherited)",
					"@executable_path/Frameworks",
				);
				PRODUCT_BUNDLE_IDENTIFIER = MarBaka.OTestProject;
				PRODUCT_NAME = "$(TARGET_NAME)";
				SWIFT_VERSION = 4.0;
				TARGETED_DEVICE_FAMILY = "1,2";
			};
			name = Debug;
		};
		7914859C21469E7100CC691D /* Release */ = {
			isa = XCBuildConfiguration;
			baseConfigurationReference = F53711C87B24AEDE24A2442F /* Pods-OTestProject.release.xcconfig */;
			buildSettings = {
				ASSETCATALOG_COMPILER_APPICON_NAME = AppIcon;
				CODE_SIGN_STYLE = Automatic;
				INFOPLIST_FILE = OTestProject/Info.plist;
				LD_RUNPATH_SEARCH_PATHS = (
					"$(inherited)",
					"@executable_path/Frameworks",
				);
				PRODUCT_BUNDLE_IDENTIFIER = MarBaka.OTestProject;
				PRODUCT_NAME = "$(TARGET_NAME)";
				SWIFT_VERSION = 4.0;
				TARGETED_DEVICE_FAMILY = "1,2";
			};
			name = Release;
		};
/* End XCBuildConfiguration section */

/* Begin XCConfigurationList section */
		7914858321469E7000CC691D /* Build configuration list for PBXProject "OTestProject" */ = {
			isa = XCConfigurationList;
			buildConfigurations = (
				7914859821469E7100CC691D /* Debug */,
				7914859921469E7100CC691D /* Release */,
			);
			defaultConfigurationIsVisible = 0;
			defaultConfigurationName = Release;
		};
		7914859A21469E7100CC691D /* Build configuration list for PBXNativeTarget "OTestProject" */ = {
			isa = XCConfigurationList;
			buildConfigurations = (
				7914859B21469E7100CC691D /* Debug */,
				7914859C21469E7100CC691D /* Release */,
			);
			defaultConfigurationIsVisible = 0;
			defaultConfigurationName = Release;
		};
/* End XCConfigurationList section */
	};
	rootObject = 7914858021469E7000CC691D /* Project object */;
}
